// !$*UTF8*$!
{
	archiveVersion = 1;
	classes = {
	};
	objectVersion = 52;
	objects = {

/* Begin PBXBuildFile section */
		DC386CCE269402EC003AED73 /* iOS_ApplicationApp.swift in Sources */ = {isa = PBXBuildFile; fileRef = DC386CCD269402EC003AED73 /* iOS_ApplicationApp.swift */; };
		DC386CD0269402EC003AED73 /* ContentView.swift in Sources */ = {isa = PBXBuildFile; fileRef = DC386CCF269402EC003AED73 /* ContentView.swift */; };
		DC386CD2269402EF003AED73 /* Assets.xcassets in Resources */ = {isa = PBXBuildFile; fileRef = DC386CD1269402EF003AED73 /* Assets.xcassets */; };
		DC386CD5269402EF003AED73 /* Preview Assets.xcassets in Resources */ = {isa = PBXBuildFile; fileRef = DC386CD4269402EF003AED73 /* Preview Assets.xcassets */; };
		DC386CE0269402EF003AED73 /* iOS_ApplicationTests.swift in Sources */ = {isa = PBXBuildFile; fileRef = DC386CDF269402EF003AED73 /* iOS_ApplicationTests.swift */; };
		DC386CEB269402EF003AED73 /* iOS_ApplicationUITests.swift in Sources */ = {isa = PBXBuildFile; fileRef = DC386CEA269402EF003AED73 /* iOS_ApplicationUITests.swift */; };
		DC7922F626943CB600293602 /* chair_swan.usdz in Resources */ = {isa = PBXBuildFile; fileRef = DC7922F326943CB300293602 /* chair_swan.usdz */; };
		DC7922F726943CB600293602 /* pot_plant.usdz in Resources */ = {isa = PBXBuildFile; fileRef = DC7922F426943CB500293602 /* pot_plant.usdz */; };
		DC7922F826943CB600293602 /* tv_retro.usdz in Resources */ = {isa = PBXBuildFile; fileRef = DC7922F526943CB600293602 /* tv_retro.usdz */; };
		DC7922FA26943E9300293602 /* ControlView.swift in Sources */ = {isa = PBXBuildFile; fileRef = DC7922F926943E9300293602 /* ControlView.swift */; };
		DC7922FC2694472F00293602 /* BrowseView.swift in Sources */ = {isa = PBXBuildFile; fileRef = DC7922FB2694472F00293602 /* BrowseView.swift */; };
		DC7922FE269458C900293602 /* Model.swift in Sources */ = {isa = PBXBuildFile; fileRef = DC7922FD269458C900293602 /* Model.swift */; };
		DC79230326945C2300293602 /* cup_saucer_set.usdz in Resources */ = {isa = PBXBuildFile; fileRef = DC7922FF26945C1D00293602 /* cup_saucer_set.usdz */; };
		DC79230426945C2300293602 /* flower_tulip.usdz in Resources */ = {isa = PBXBuildFile; fileRef = DC79230026945C1F00293602 /* flower_tulip.usdz */; };
		DC79230526945C2300293602 /* fender_stratocaster.usdz in Resources */ = {isa = PBXBuildFile; fileRef = DC79230126945C2100293602 /* fender_stratocaster.usdz */; };
		DC79230626945C2300293602 /* gramophone.usdz in Resources */ = {isa = PBXBuildFile; fileRef = DC79230226945C2300293602 /* gramophone.usdz */; };
		DC7923082694659C00293602 /* PlacementSettings.swift in Sources */ = {isa = PBXBuildFile; fileRef = DC7923072694659B00293602 /* PlacementSettings.swift */; };
		DC79230A2694672800293602 /* PlacementView.swift in Sources */ = {isa = PBXBuildFile; fileRef = DC7923092694672800293602 /* PlacementView.swift */; };
		DC79230D269469EC00293602 /* FocusEntity in Frameworks */ = {isa = PBXBuildFile; productRef = DC79230C269469EC00293602 /* FocusEntity */; };
		DC79230F26946A7C00293602 /* CustomARView.swift in Sources */ = {isa = PBXBuildFile; fileRef = DC79230E26946A7C00293602 /* CustomARView.swift */; };
		DC806C9E2695A70700AF46BE /* View+Extensions.swift in Sources */ = {isa = PBXBuildFile; fileRef = DC806C9D2695A70700AF46BE /* View+Extensions.swift */; };
		DC806CA02695AA0A00AF46BE /* SessionSettings.swift in Sources */ = {isa = PBXBuildFile; fileRef = DC806C9F2695AA0A00AF46BE /* SessionSettings.swift */; };
		DC806CA22695AAB500AF46BE /* SettingsView.swift in Sources */ = {isa = PBXBuildFile; fileRef = DC806CA12695AAB500AF46BE /* SettingsView.swift */; };
		E7BC6E1226A1735000F242A5 /* 746525_close.usdz in Resources */ = {isa = PBXBuildFile; fileRef = E7BC6E1126A1719B00F242A5 /* 746525_close.usdz */; };
/* End PBXBuildFile section */

/* Begin PBXContainerItemProxy section */
		DC386CDC269402EF003AED73 /* PBXContainerItemProxy */ = {
			isa = PBXContainerItemProxy;
			containerPortal = DC386CC2269402EC003AED73 /* Project object */;
			proxyType = 1;
			remoteGlobalIDString = DC386CC9269402EC003AED73;
			remoteInfo = "iOS Application";
		};
		DC386CE7269402EF003AED73 /* PBXContainerItemProxy */ = {
			isa = PBXContainerItemProxy;
			containerPortal = DC386CC2269402EC003AED73 /* Project object */;
			proxyType = 1;
			remoteGlobalIDString = DC386CC9269402EC003AED73;
			remoteInfo = "iOS Application";
		};
/* End PBXContainerItemProxy section */

/* Begin PBXFileReference section */
		DC386CCA269402EC003AED73 /* iOS Application.app */ = {isa = PBXFileReference; explicitFileType = wrapper.application; includeInIndex = 0; path = "iOS Application.app"; sourceTree = BUILT_PRODUCTS_DIR; };
		DC386CCD269402EC003AED73 /* iOS_ApplicationApp.swift */ = {isa = PBXFileReference; lastKnownFileType = sourcecode.swift; path = iOS_ApplicationApp.swift; sourceTree = "<group>"; };
		DC386CCF269402EC003AED73 /* ContentView.swift */ = {isa = PBXFileReference; lastKnownFileType = sourcecode.swift; path = ContentView.swift; sourceTree = "<group>"; };
		DC386CD1269402EF003AED73 /* Assets.xcassets */ = {isa = PBXFileReference; lastKnownFileType = folder.assetcatalog; path = Assets.xcassets; sourceTree = "<group>"; };
		DC386CD4269402EF003AED73 /* Preview Assets.xcassets */ = {isa = PBXFileReference; lastKnownFileType = folder.assetcatalog; path = "Preview Assets.xcassets"; sourceTree = "<group>"; };
		DC386CD6269402EF003AED73 /* Info.plist */ = {isa = PBXFileReference; lastKnownFileType = text.plist.xml; path = Info.plist; sourceTree = "<group>"; };
		DC386CDB269402EF003AED73 /* iOS ApplicationTests.xctest */ = {isa = PBXFileReference; explicitFileType = wrapper.cfbundle; includeInIndex = 0; path = "iOS ApplicationTests.xctest"; sourceTree = BUILT_PRODUCTS_DIR; };
		DC386CDF269402EF003AED73 /* iOS_ApplicationTests.swift */ = {isa = PBXFileReference; lastKnownFileType = sourcecode.swift; path = iOS_ApplicationTests.swift; sourceTree = "<group>"; };
		DC386CE1269402EF003AED73 /* Info.plist */ = {isa = PBXFileReference; lastKnownFileType = text.plist.xml; path = Info.plist; sourceTree = "<group>"; };
		DC386CE6269402EF003AED73 /* iOS ApplicationUITests.xctest */ = {isa = PBXFileReference; explicitFileType = wrapper.cfbundle; includeInIndex = 0; path = "iOS ApplicationUITests.xctest"; sourceTree = BUILT_PRODUCTS_DIR; };
		DC386CEA269402EF003AED73 /* iOS_ApplicationUITests.swift */ = {isa = PBXFileReference; lastKnownFileType = sourcecode.swift; path = iOS_ApplicationUITests.swift; sourceTree = "<group>"; };
		DC386CEC269402EF003AED73 /* Info.plist */ = {isa = PBXFileReference; lastKnownFileType = text.plist.xml; path = Info.plist; sourceTree = "<group>"; };
		DC7922F326943CB300293602 /* chair_swan.usdz */ = {isa = PBXFileReference; lastKnownFileType = file.usdz; path = chair_swan.usdz; sourceTree = "<group>"; };
		DC7922F426943CB500293602 /* pot_plant.usdz */ = {isa = PBXFileReference; lastKnownFileType = file.usdz; path = pot_plant.usdz; sourceTree = "<group>"; };
		DC7922F526943CB600293602 /* tv_retro.usdz */ = {isa = PBXFileReference; lastKnownFileType = file.usdz; path = tv_retro.usdz; sourceTree = "<group>"; };
		DC7922F926943E9300293602 /* ControlView.swift */ = {isa = PBXFileReference; lastKnownFileType = sourcecode.swift; path = ControlView.swift; sourceTree = "<group>"; };
		DC7922FB2694472F00293602 /* BrowseView.swift */ = {isa = PBXFileReference; lastKnownFileType = sourcecode.swift; path = BrowseView.swift; sourceTree = "<group>"; };
		DC7922FD269458C900293602 /* Model.swift */ = {isa = PBXFileReference; lastKnownFileType = sourcecode.swift; path = Model.swift; sourceTree = "<group>"; };
		DC7922FF26945C1D00293602 /* cup_saucer_set.usdz */ = {isa = PBXFileReference; lastKnownFileType = file.usdz; path = cup_saucer_set.usdz; sourceTree = "<group>"; };
		DC79230026945C1F00293602 /* flower_tulip.usdz */ = {isa = PBXFileReference; lastKnownFileType = file.usdz; path = flower_tulip.usdz; sourceTree = "<group>"; };
		DC79230126945C2100293602 /* fender_stratocaster.usdz */ = {isa = PBXFileReference; lastKnownFileType = file.usdz; path = fender_stratocaster.usdz; sourceTree = "<group>"; };
		DC79230226945C2300293602 /* gramophone.usdz */ = {isa = PBXFileReference; lastKnownFileType = file.usdz; path = gramophone.usdz; sourceTree = "<group>"; };
		DC7923072694659B00293602 /* PlacementSettings.swift */ = {isa = PBXFileReference; lastKnownFileType = sourcecode.swift; path = PlacementSettings.swift; sourceTree = "<group>"; };
		DC7923092694672800293602 /* PlacementView.swift */ = {isa = PBXFileReference; lastKnownFileType = sourcecode.swift; path = PlacementView.swift; sourceTree = "<group>"; };
		DC79230E26946A7C00293602 /* CustomARView.swift */ = {isa = PBXFileReference; lastKnownFileType = sourcecode.swift; path = CustomARView.swift; sourceTree = "<group>"; };
		DC806C9D2695A70700AF46BE /* View+Extensions.swift */ = {isa = PBXFileReference; lastKnownFileType = sourcecode.swift; path = "View+Extensions.swift"; sourceTree = "<group>"; };
		DC806C9F2695AA0A00AF46BE /* SessionSettings.swift */ = {isa = PBXFileReference; lastKnownFileType = sourcecode.swift; path = SessionSettings.swift; sourceTree = "<group>"; };
		DC806CA12695AAB500AF46BE /* SettingsView.swift */ = {isa = PBXFileReference; lastKnownFileType = sourcecode.swift; path = SettingsView.swift; sourceTree = "<group>"; };
		E7BC6E1126A1719B00F242A5 /* 746525_close.usdz */ = {isa = PBXFileReference; lastKnownFileType = file.usdz; path = 746525_close.usdz; sourceTree = "<group>"; };
/* End PBXFileReference section */

/* Begin PBXFrameworksBuildPhase section */
		DC386CC7269402EC003AED73 /* Frameworks */ = {
			isa = PBXFrameworksBuildPhase;
			buildActionMask = 2147483647;
			files = (
				DC79230D269469EC00293602 /* FocusEntity in Frameworks */,
			);
			runOnlyForDeploymentPostprocessing = 0;
		};
		DC386CD8269402EF003AED73 /* Frameworks */ = {
			isa = PBXFrameworksBuildPhase;
			buildActionMask = 2147483647;
			files = (
			);
			runOnlyForDeploymentPostprocessing = 0;
		};
		DC386CE3269402EF003AED73 /* Frameworks */ = {
			isa = PBXFrameworksBuildPhase;
			buildActionMask = 2147483647;
			files = (
			);
			runOnlyForDeploymentPostprocessing = 0;
		};
/* End PBXFrameworksBuildPhase section */

/* Begin PBXGroup section */
		DC386CC1269402EC003AED73 = {
			isa = PBXGroup;
			children = (
				DC386CCC269402EC003AED73 /* iOS Application */,
				DC386CDE269402EF003AED73 /* iOS ApplicationTests */,
				DC386CE9269402EF003AED73 /* iOS ApplicationUITests */,
				DC386CCB269402EC003AED73 /* Products */,
			);
			sourceTree = "<group>";
		};
		DC386CCB269402EC003AED73 /* Products */ = {
			isa = PBXGroup;
			children = (
				DC386CCA269402EC003AED73 /* iOS Application.app */,
				DC386CDB269402EF003AED73 /* iOS ApplicationTests.xctest */,
				DC386CE6269402EF003AED73 /* iOS ApplicationUITests.xctest */,
			);
			name = Products;
			sourceTree = "<group>";
		};
		DC386CCC269402EC003AED73 /* iOS Application */ = {
			isa = PBXGroup;
			children = (
				DC386CCD269402EC003AED73 /* iOS_ApplicationApp.swift */,
				DC7922FB2694472F00293602 /* BrowseView.swift */,
				DC386CCF269402EC003AED73 /* ContentView.swift */,
				DC7922F926943E9300293602 /* ControlView.swift */,
				DC79230E26946A7C00293602 /* CustomARView.swift */,
				DC7922FD269458C900293602 /* Model.swift */,
				DC7923072694659B00293602 /* PlacementSettings.swift */,
				DC7923092694672800293602 /* PlacementView.swift */,
				DC806C9F2695AA0A00AF46BE /* SessionSettings.swift */,
				DC806CA12695AAB500AF46BE /* SettingsView.swift */,
				DC806C9D2695A70700AF46BE /* View+Extensions.swift */,
				DC386CD1269402EF003AED73 /* Assets.xcassets */,
				DC386CD6269402EF003AED73 /* Info.plist */,
				DC7922F226943C8B00293602 /* 3D Assets */,
				DC386CD3269402EF003AED73 /* Preview Content */,
			);
			path = "iOS Application";
			sourceTree = "<group>";
		};
		DC386CD3269402EF003AED73 /* Preview Content */ = {
			isa = PBXGroup;
			children = (
				DC386CD4269402EF003AED73 /* Preview Assets.xcassets */,
			);
			path = "Preview Content";
			sourceTree = "<group>";
		};
		DC386CDE269402EF003AED73 /* iOS ApplicationTests */ = {
			isa = PBXGroup;
			children = (
				DC386CDF269402EF003AED73 /* iOS_ApplicationTests.swift */,
				DC386CE1269402EF003AED73 /* Info.plist */,
			);
			path = "iOS ApplicationTests";
			sourceTree = "<group>";
		};
		DC386CE9269402EF003AED73 /* iOS ApplicationUITests */ = {
			isa = PBXGroup;
			children = (
				DC386CEA269402EF003AED73 /* iOS_ApplicationUITests.swift */,
				DC386CEC269402EF003AED73 /* Info.plist */,
			);
			path = "iOS ApplicationUITests";
			sourceTree = "<group>";
		};
		DC7922F226943C8B00293602 /* 3D Assets */ = {
			isa = PBXGroup;
			children = (
				DC7922FF26945C1D00293602 /* cup_saucer_set.usdz */,
				DC79230126945C2100293602 /* fender_stratocaster.usdz */,
				E7BC6E1126A1719B00F242A5 /* 746525_close.usdz */,
				DC79230026945C1F00293602 /* flower_tulip.usdz */,
				DC79230226945C2300293602 /* gramophone.usdz */,
				DC7922F326943CB300293602 /* chair_swan.usdz */,
				DC7922F426943CB500293602 /* pot_plant.usdz */,
				DC7922F526943CB600293602 /* tv_retro.usdz */,
			);
			path = "3D Assets";
			sourceTree = "<group>";
		};
/* End PBXGroup section */

/* Begin PBXNativeTarget section */
		DC386CC9269402EC003AED73 /* iOS Application */ = {
			isa = PBXNativeTarget;
			buildConfigurationList = DC386CEF269402EF003AED73 /* Build configuration list for PBXNativeTarget "iOS Application" */;
			buildPhases = (
				DC386CC6269402EC003AED73 /* Sources */,
				DC386CC7269402EC003AED73 /* Frameworks */,
				DC386CC8269402EC003AED73 /* Resources */,
			);
			buildRules = (
			);
			dependencies = (
			);
			name = "iOS Application";
			packageProductDependencies = (
				DC79230C269469EC00293602 /* FocusEntity */,
			);
			productName = "iOS Application";
			productReference = DC386CCA269402EC003AED73 /* iOS Application.app */;
			productType = "com.apple.product-type.application";
		};
		DC386CDA269402EF003AED73 /* iOS ApplicationTests */ = {
			isa = PBXNativeTarget;
			buildConfigurationList = DC386CF2269402EF003AED73 /* Build configuration list for PBXNativeTarget "iOS ApplicationTests" */;
			buildPhases = (
				DC386CD7269402EF003AED73 /* Sources */,
				DC386CD8269402EF003AED73 /* Frameworks */,
				DC386CD9269402EF003AED73 /* Resources */,
			);
			buildRules = (
			);
			dependencies = (
				DC386CDD269402EF003AED73 /* PBXTargetDependency */,
			);
			name = "iOS ApplicationTests";
			productName = "iOS ApplicationTests";
			productReference = DC386CDB269402EF003AED73 /* iOS ApplicationTests.xctest */;
			productType = "com.apple.product-type.bundle.unit-test";
		};
		DC386CE5269402EF003AED73 /* iOS ApplicationUITests */ = {
			isa = PBXNativeTarget;
			buildConfigurationList = DC386CF5269402EF003AED73 /* Build configuration list for PBXNativeTarget "iOS ApplicationUITests" */;
			buildPhases = (
				DC386CE2269402EF003AED73 /* Sources */,
				DC386CE3269402EF003AED73 /* Frameworks */,
				DC386CE4269402EF003AED73 /* Resources */,
			);
			buildRules = (
			);
			dependencies = (
				DC386CE8269402EF003AED73 /* PBXTargetDependency */,
			);
			name = "iOS ApplicationUITests";
			productName = "iOS ApplicationUITests";
			productReference = DC386CE6269402EF003AED73 /* iOS ApplicationUITests.xctest */;
			productType = "com.apple.product-type.bundle.ui-testing";
		};
/* End PBXNativeTarget section */

/* Begin PBXProject section */
		DC386CC2269402EC003AED73 /* Project object */ = {
			isa = PBXProject;
			attributes = {
				LastSwiftUpdateCheck = 1250;
				LastUpgradeCheck = 1250;
				TargetAttributes = {
					DC386CC9269402EC003AED73 = {
						CreatedOnToolsVersion = 12.5.1;
					};
					DC386CDA269402EF003AED73 = {
						CreatedOnToolsVersion = 12.5.1;
						TestTargetID = DC386CC9269402EC003AED73;
					};
					DC386CE5269402EF003AED73 = {
						CreatedOnToolsVersion = 12.5.1;
						TestTargetID = DC386CC9269402EC003AED73;
					};
				};
			};
			buildConfigurationList = DC386CC5269402EC003AED73 /* Build configuration list for PBXProject "iOS Application" */;
			compatibilityVersion = "Xcode 9.3";
			developmentRegion = en;
			hasScannedForEncodings = 0;
			knownRegions = (
				en,
				Base,
			);
			mainGroup = DC386CC1269402EC003AED73;
			packageReferences = (
				DC79230B269469EC00293602 /* XCRemoteSwiftPackageReference "FocusEntity" */,
			);
			productRefGroup = DC386CCB269402EC003AED73 /* Products */;
			projectDirPath = "";
			projectRoot = "";
			targets = (
				DC386CC9269402EC003AED73 /* iOS Application */,
				DC386CDA269402EF003AED73 /* iOS ApplicationTests */,
				DC386CE5269402EF003AED73 /* iOS ApplicationUITests */,
			);
		};
/* End PBXProject section */

/* Begin PBXResourcesBuildPhase section */
		DC386CC8269402EC003AED73 /* Resources */ = {
			isa = PBXResourcesBuildPhase;
			buildActionMask = 2147483647;
			files = (
				DC7922F626943CB600293602 /* chair_swan.usdz in Resources */,
				E7BC6E1226A1735000F242A5 /* 746525_close.usdz in Resources */,
				DC79230626945C2300293602 /* gramophone.usdz in Resources */,
				DC386CD5269402EF003AED73 /* Preview Assets.xcassets in Resources */,
				DC79230426945C2300293602 /* flower_tulip.usdz in Resources */,
				DC79230326945C2300293602 /* cup_saucer_set.usdz in Resources */,
				DC386CD2269402EF003AED73 /* Assets.xcassets in Resources */,
				DC7922F826943CB600293602 /* tv_retro.usdz in Resources */,
				DC79230526945C2300293602 /* fender_stratocaster.usdz in Resources */,
				DC7922F726943CB600293602 /* pot_plant.usdz in Resources */,
			);
			runOnlyForDeploymentPostprocessing = 0;
		};
		DC386CD9269402EF003AED73 /* Resources */ = {
			isa = PBXResourcesBuildPhase;
			buildActionMask = 2147483647;
			files = (
			);
			runOnlyForDeploymentPostprocessing = 0;
		};
		DC386CE4269402EF003AED73 /* Resources */ = {
			isa = PBXResourcesBuildPhase;
			buildActionMask = 2147483647;
			files = (
			);
			runOnlyForDeploymentPostprocessing = 0;
		};
/* End PBXResourcesBuildPhase section */

/* Begin PBXSourcesBuildPhase section */
		DC386CC6269402EC003AED73 /* Sources */ = {
			isa = PBXSourcesBuildPhase;
			buildActionMask = 2147483647;
			files = (
				DC7923082694659C00293602 /* PlacementSettings.swift in Sources */,
				DC806CA02695AA0A00AF46BE /* SessionSettings.swift in Sources */,
				DC806C9E2695A70700AF46BE /* View+Extensions.swift in Sources */,
				DC7922FE269458C900293602 /* Model.swift in Sources */,
				DC7922FC2694472F00293602 /* BrowseView.swift in Sources */,
				DC386CD0269402EC003AED73 /* ContentView.swift in Sources */,
				DC7922FA26943E9300293602 /* ControlView.swift in Sources */,
				DC386CCE269402EC003AED73 /* iOS_ApplicationApp.swift in Sources */,
				DC79230F26946A7C00293602 /* CustomARView.swift in Sources */,
				DC79230A2694672800293602 /* PlacementView.swift in Sources */,
				DC806CA22695AAB500AF46BE /* SettingsView.swift in Sources */,
			);
			runOnlyForDeploymentPostprocessing = 0;
		};
		DC386CD7269402EF003AED73 /* Sources */ = {
			isa = PBXSourcesBuildPhase;
			buildActionMask = 2147483647;
			files = (
				DC386CE0269402EF003AED73 /* iOS_ApplicationTests.swift in Sources */,
			);
			runOnlyForDeploymentPostprocessing = 0;
		};
		DC386CE2269402EF003AED73 /* Sources */ = {
			isa = PBXSourcesBuildPhase;
			buildActionMask = 2147483647;
			files = (
				DC386CEB269402EF003AED73 /* iOS_ApplicationUITests.swift in Sources */,
			);
			runOnlyForDeploymentPostprocessing = 0;
		};
/* End PBXSourcesBuildPhase section */

/* Begin PBXTargetDependency section */
		DC386CDD269402EF003AED73 /* PBXTargetDependency */ = {
			isa = PBXTargetDependency;
			target = DC386CC9269402EC003AED73 /* iOS Application */;
			targetProxy = DC386CDC269402EF003AED73 /* PBXContainerItemProxy */;
		};
		DC386CE8269402EF003AED73 /* PBXTargetDependency */ = {
			isa = PBXTargetDependency;
			target = DC386CC9269402EC003AED73 /* iOS Application */;
			targetProxy = DC386CE7269402EF003AED73 /* PBXContainerItemProxy */;
		};
/* End PBXTargetDependency section */

/* Begin XCBuildConfiguration section */
		DC386CED269402EF003AED73 /* Debug */ = {
			isa = XCBuildConfiguration;
			buildSettings = {
				ALWAYS_SEARCH_USER_PATHS = NO;
				CLANG_ANALYZER_NONNULL = YES;
				CLANG_ANALYZER_NUMBER_OBJECT_CONVERSION = YES_AGGRESSIVE;
				CLANG_CXX_LANGUAGE_STANDARD = "gnu++14";
				CLANG_CXX_LIBRARY = "libc++";
				CLANG_ENABLE_MODULES = YES;
				CLANG_ENABLE_OBJC_ARC = YES;
				CLANG_ENABLE_OBJC_WEAK = YES;
				CLANG_WARN_BLOCK_CAPTURE_AUTORELEASING = YES;
				CLANG_WARN_BOOL_CONVERSION = YES;
				CLANG_WARN_COMMA = YES;
				CLANG_WARN_CONSTANT_CONVERSION = YES;
				CLANG_WARN_DEPRECATED_OBJC_IMPLEMENTATIONS = YES;
				CLANG_WARN_DIRECT_OBJC_ISA_USAGE = YES_ERROR;
				CLANG_WARN_DOCUMENTATION_COMMENTS = YES;
				CLANG_WARN_EMPTY_BODY = YES;
				CLANG_WARN_ENUM_CONVERSION = YES;
				CLANG_WARN_INFINITE_RECURSION = YES;
				CLANG_WARN_INT_CONVERSION = YES;
				CLANG_WARN_NON_LITERAL_NULL_CONVERSION = YES;
				CLANG_WARN_OBJC_IMPLICIT_RETAIN_SELF = YES;
				CLANG_WARN_OBJC_LITERAL_CONVERSION = YES;
				CLANG_WARN_OBJC_ROOT_CLASS = YES_ERROR;
				CLANG_WARN_QUOTED_INCLUDE_IN_FRAMEWORK_HEADER = YES;
				CLANG_WARN_RANGE_LOOP_ANALYSIS = YES;
				CLANG_WARN_STRICT_PROTOTYPES = YES;
				CLANG_WARN_SUSPICIOUS_MOVE = YES;
				CLANG_WARN_UNGUARDED_AVAILABILITY = YES_AGGRESSIVE;
				CLANG_WARN_UNREACHABLE_CODE = YES;
				CLANG_WARN__DUPLICATE_METHOD_MATCH = YES;
				COPY_PHASE_STRIP = NO;
				DEBUG_INFORMATION_FORMAT = dwarf;
				ENABLE_STRICT_OBJC_MSGSEND = YES;
				ENABLE_TESTABILITY = YES;
				GCC_C_LANGUAGE_STANDARD = gnu11;
				GCC_DYNAMIC_NO_PIC = NO;
				GCC_NO_COMMON_BLOCKS = YES;
				GCC_OPTIMIZATION_LEVEL = 0;
				GCC_PREPROCESSOR_DEFINITIONS = (
					"DEBUG=1",
					"$(inherited)",
				);
				GCC_WARN_64_TO_32_BIT_CONVERSION = YES;
				GCC_WARN_ABOUT_RETURN_TYPE = YES_ERROR;
				GCC_WARN_UNDECLARED_SELECTOR = YES;
				GCC_WARN_UNINITIALIZED_AUTOS = YES_AGGRESSIVE;
				GCC_WARN_UNUSED_FUNCTION = YES;
				GCC_WARN_UNUSED_VARIABLE = YES;
				IPHONEOS_DEPLOYMENT_TARGET = 14.5;
				MTL_ENABLE_DEBUG_INFO = INCLUDE_SOURCE;
				MTL_FAST_MATH = YES;
				ONLY_ACTIVE_ARCH = YES;
				SDKROOT = iphoneos;
				SWIFT_ACTIVE_COMPILATION_CONDITIONS = DEBUG;
				SWIFT_OPTIMIZATION_LEVEL = "-Onone";
			};
			name = Debug;
		};
		DC386CEE269402EF003AED73 /* Release */ = {
			isa = XCBuildConfiguration;
			buildSettings = {
				ALWAYS_SEARCH_USER_PATHS = NO;
				CLANG_ANALYZER_NONNULL = YES;
				CLANG_ANALYZER_NUMBER_OBJECT_CONVERSION = YES_AGGRESSIVE;
				CLANG_CXX_LANGUAGE_STANDARD = "gnu++14";
				CLANG_CXX_LIBRARY = "libc++";
				CLANG_ENABLE_MODULES = YES;
				CLANG_ENABLE_OBJC_ARC = YES;
				CLANG_ENABLE_OBJC_WEAK = YES;
				CLANG_WARN_BLOCK_CAPTURE_AUTORELEASING = YES;
				CLANG_WARN_BOOL_CONVERSION = YES;
				CLANG_WARN_COMMA = YES;
				CLANG_WARN_CONSTANT_CONVERSION = YES;
				CLANG_WARN_DEPRECATED_OBJC_IMPLEMENTATIONS = YES;
				CLANG_WARN_DIRECT_OBJC_ISA_USAGE = YES_ERROR;
				CLANG_WARN_DOCUMENTATION_COMMENTS = YES;
				CLANG_WARN_EMPTY_BODY = YES;
				CLANG_WARN_ENUM_CONVERSION = YES;
				CLANG_WARN_INFINITE_RECURSION = YES;
				CLANG_WARN_INT_CONVERSION = YES;
				CLANG_WARN_NON_LITERAL_NULL_CONVERSION = YES;
				CLANG_WARN_OBJC_IMPLICIT_RETAIN_SELF = YES;
				CLANG_WARN_OBJC_LITERAL_CONVERSION = YES;
				CLANG_WARN_OBJC_ROOT_CLASS = YES_ERROR;
				CLANG_WARN_QUOTED_INCLUDE_IN_FRAMEWORK_HEADER = YES;
				CLANG_WARN_RANGE_LOOP_ANALYSIS = YES;
				CLANG_WARN_STRICT_PROTOTYPES = YES;
				CLANG_WARN_SUSPICIOUS_MOVE = YES;
				CLANG_WARN_UNGUARDED_AVAILABILITY = YES_AGGRESSIVE;
				CLANG_WARN_UNREACHABLE_CODE = YES;
				CLANG_WARN__DUPLICATE_METHOD_MATCH = YES;
				COPY_PHASE_STRIP = NO;
				DEBUG_INFORMATION_FORMAT = "dwarf-with-dsym";
				ENABLE_NS_ASSERTIONS = NO;
				ENABLE_STRICT_OBJC_MSGSEND = YES;
				GCC_C_LANGUAGE_STANDARD = gnu11;
				GCC_NO_COMMON_BLOCKS = YES;
				GCC_WARN_64_TO_32_BIT_CONVERSION = YES;
				GCC_WARN_ABOUT_RETURN_TYPE = YES_ERROR;
				GCC_WARN_UNDECLARED_SELECTOR = YES;
				GCC_WARN_UNINITIALIZED_AUTOS = YES_AGGRESSIVE;
				GCC_WARN_UNUSED_FUNCTION = YES;
				GCC_WARN_UNUSED_VARIABLE = YES;
				IPHONEOS_DEPLOYMENT_TARGET = 14.5;
				MTL_ENABLE_DEBUG_INFO = NO;
				MTL_FAST_MATH = YES;
				SDKROOT = iphoneos;
				SWIFT_COMPILATION_MODE = wholemodule;
				SWIFT_OPTIMIZATION_LEVEL = "-O";
				VALIDATE_PRODUCT = YES;
			};
			name = Release;
		};
		DC386CF0269402EF003AED73 /* Debug */ = {
			isa = XCBuildConfiguration;
			buildSettings = {
				ASSETCATALOG_COMPILER_APPICON_NAME = AppIcon;
				ASSETCATALOG_COMPILER_GLOBAL_ACCENT_COLOR_NAME = AccentColor;
				CODE_SIGN_STYLE = Automatic;
				DEVELOPMENT_ASSET_PATHS = "\"iOS Application/Preview Content\"";
				DEVELOPMENT_TEAM = X2AT796D57;
				ENABLE_PREVIEWS = YES;
				INFOPLIST_FILE = "iOS Application/Info.plist";
				IPHONEOS_DEPLOYMENT_TARGET = 14.0;
				LD_RUNPATH_SEARCH_PATHS = (
					"$(inherited)",
					"@executable_path/Frameworks",
				);
				PRODUCT_BUNDLE_IDENTIFIER = "com.Placement.sample.iOS-Application2";
				PRODUCT_NAME = "$(TARGET_NAME)";
				SWIFT_VERSION = 5.0;
				TARGETED_DEVICE_FAMILY = "1,2";
			};
			name = Debug;
		};
		DC386CF1269402EF003AED73 /* Release */ = {
			isa = XCBuildConfiguration;
			buildSettings = {
				ASSETCATALOG_COMPILER_APPICON_NAME = AppIcon;
				ASSETCATALOG_COMPILER_GLOBAL_ACCENT_COLOR_NAME = AccentColor;
				CODE_SIGN_STYLE = Automatic;
				DEVELOPMENT_ASSET_PATHS = "\"iOS Application/Preview Content\"";
				DEVELOPMENT_TEAM = X2AT796D57;
				ENABLE_PREVIEWS = YES;
				INFOPLIST_FILE = "iOS Application/Info.plist";
				IPHONEOS_DEPLOYMENT_TARGET = 14.0;
				LD_RUNPATH_SEARCH_PATHS = (
					"$(inherited)",
					"@executable_path/Frameworks",
				);
				PRODUCT_BUNDLE_IDENTIFIER = "com.Placement.sample.iOS-Application2";
				PRODUCT_NAME = "$(TARGET_NAME)";
				SWIFT_VERSION = 5.0;
				TARGETED_DEVICE_FAMILY = "1,2";
			};
			name = Release;
		};
		DC386CF3269402EF003AED73 /* Debug */ = {
			isa = XCBuildConfiguration;
			buildSettings = {
				ALWAYS_EMBED_SWIFT_STANDARD_LIBRARIES = YES;
				BUNDLE_LOADER = "$(TEST_HOST)";
				CODE_SIGN_STYLE = Automatic;
				DEVELOPMENT_TEAM = 6457669GBX;
				INFOPLIST_FILE = "iOS ApplicationTests/Info.plist";
				IPHONEOS_DEPLOYMENT_TARGET = 14.0;
				LD_RUNPATH_SEARCH_PATHS = (
					"$(inherited)",
					"@executable_path/Frameworks",
					"@loader_path/Frameworks",
				);
				PRODUCT_BUNDLE_IDENTIFIER = "com.Placement.sample.iOS-ApplicationTests";
				PRODUCT_NAME = "$(TARGET_NAME)";
				SWIFT_VERSION = 5.0;
				TARGETED_DEVICE_FAMILY = "1,2";
				TEST_HOST = "$(BUILT_PRODUCTS_DIR)/iOS Application.app/iOS Application";
			};
			name = Debug;
		};
		DC386CF4269402EF003AED73 /* Release */ = {
			isa = XCBuildConfiguration;
			buildSettings = {
				ALWAYS_EMBED_SWIFT_STANDARD_LIBRARIES = YES;
				BUNDLE_LOADER = "$(TEST_HOST)";
				CODE_SIGN_STYLE = Automatic;
				DEVELOPMENT_TEAM = 6457669GBX;
				INFOPLIST_FILE = "iOS ApplicationTests/Info.plist";
				IPHONEOS_DEPLOYMENT_TARGET = 14.0;
				LD_RUNPATH_SEARCH_PATHS = (
					"$(inherited)",
					"@executable_path/Frameworks",
					"@loader_path/Frameworks",
				);
				PRODUCT_BUNDLE_IDENTIFIER = "com.Placement.sample.iOS-ApplicationTests";
				PRODUCT_NAME = "$(TARGET_NAME)";
				SWIFT_VERSION = 5.0;
				TARGETED_DEVICE_FAMILY = "1,2";
				TEST_HOST = "$(BUILT_PRODUCTS_DIR)/iOS Application.app/iOS Application";
			};
			name = Release;
		};
		DC386CF6269402EF003AED73 /* Debug */ = {
			isa = XCBuildConfiguration;
			buildSettings = {
				ALWAYS_EMBED_SWIFT_STANDARD_LIBRARIES = YES;
				CODE_SIGN_STYLE = Automatic;
				DEVELOPMENT_TEAM = 6457669GBX;
				INFOPLIST_FILE = "iOS ApplicationUITests/Info.plist";
				LD_RUNPATH_SEARCH_PATHS = (
					"$(inherited)",
					"@executable_path/Frameworks",
					"@loader_path/Frameworks",
				);
				PRODUCT_BUNDLE_IDENTIFIER = "com.Placement.sample.iOS-ApplicationUITests";
				PRODUCT_NAME = "$(TARGET_NAME)";
				SWIFT_VERSION = 5.0;
				TARGETED_DEVICE_FAMILY = "1,2";
				TEST_TARGET_NAME = "iOS Application";
			};
			name = Debug;
		};
		DC386CF7269402EF003AED73 /* Release */ = {
			isa = XCBuildConfiguration;
			buildSettings = {
				ALWAYS_EMBED_SWIFT_STANDARD_LIBRARIES = YES;
				CODE_SIGN_STYLE = Automatic;
				DEVELOPMENT_TEAM = 6457669GBX;
				INFOPLIST_FILE = "iOS ApplicationUITests/Info.plist";
				LD_RUNPATH_SEARCH_PATHS = (
					"$(inherited)",
					"@executable_path/Frameworks",
					"@loader_path/Frameworks",
				);
				PRODUCT_BUNDLE_IDENTIFIER = "com.Placement.sample.iOS-ApplicationUITests";
				PRODUCT_NAME = "$(TARGET_NAME)";
				SWIFT_VERSION = 5.0;
				TARGETED_DEVICE_FAMILY = "1,2";
				TEST_TARGET_NAME = "iOS Application";
			};
			name = Release;
		};
/* End XCBuildConfiguration section */

/* Begin XCConfigurationList section */
		DC386CC5269402EC003AED73 /* Build configuration list for PBXProject "iOS Application" */ = {
			isa = XCConfigurationList;
			buildConfigurations = (
				DC386CED269402EF003AED73 /* Debug */,
				DC386CEE269402EF003AED73 /* Release */,
			);
			defaultConfigurationIsVisible = 0;
			defaultConfigurationName = Release;
		};
		DC386CEF269402EF003AED73 /* Build configuration list for PBXNativeTarget "iOS Application" */ = {
			isa = XCConfigurationList;
			buildConfigurations = (
				DC386CF0269402EF003AED73 /* Debug */,
				DC386CF1269402EF003AED73 /* Release */,
			);
			defaultConfigurationIsVisible = 0;
			defaultConfigurationName = Release;
		};
		DC386CF2269402EF003AED73 /* Build configuration list for PBXNativeTarget "iOS ApplicationTests" */ = {
			isa = XCConfigurationList;
			buildConfigurations = (
				DC386CF3269402EF003AED73 /* Debug */,
				DC386CF4269402EF003AED73 /* Release */,
			);
			defaultConfigurationIsVisible = 0;
			defaultConfigurationName = Release;
		};
		DC386CF5269402EF003AED73 /* Build configuration list for PBXNativeTarget "iOS ApplicationUITests" */ = {
			isa = XCConfigurationList;
			buildConfigurations = (
				DC386CF6269402EF003AED73 /* Debug */,
				DC386CF7269402EF003AED73 /* Release */,
			);
			defaultConfigurationIsVisible = 0;
			defaultConfigurationName = Release;
		};
/* End XCConfigurationList section */

/* Begin XCRemoteSwiftPackageReference section */
		DC79230B269469EC00293602 /* XCRemoteSwiftPackageReference "FocusEntity" */ = {
			isa = XCRemoteSwiftPackageReference;
			repositoryURL = "https://github.com/maxxfrazer/FocusEntity";
			requirement = {
				kind = upToNextMajorVersion;
				minimumVersion = 2.2.1;
			};
		};
/* End XCRemoteSwiftPackageReference section */

/* Begin XCSwiftPackageProductDependency section */
		DC79230C269469EC00293602 /* FocusEntity */ = {
			isa = XCSwiftPackageProductDependency;
			package = DC79230B269469EC00293602 /* XCRemoteSwiftPackageReference "FocusEntity" */;
			productName = FocusEntity;
		};
/* End XCSwiftPackageProductDependency section */
	};
	rootObject = DC386CC2269402EC003AED73 /* Project object */;
}
